// !$*UTF8*$!
{
	archiveVersion = 1;
	classes = {
	};
	objectVersion = 56;
	objects = {

/* Begin PBXBuildFile section */
		32F592642CD1767800423A35 /* BizBridgeApp.swift in Sources */ = {isa = PBXBuildFile; fileRef = 32F592632CD1767800423A35 /* BizBridgeApp.swift */; };
		32F592662CD1767800423A35 /* ContentView.swift in Sources */ = {isa = PBXBuildFile; fileRef = 32F592652CD1767800423A35 /* ContentView.swift */; };
		32F592682CD1767A00423A35 /* Assets.xcassets in Resources */ = {isa = PBXBuildFile; fileRef = 32F592672CD1767A00423A35 /* Assets.xcassets */; };
		32F5926B2CD1767A00423A35 /* Preview Assets.xcassets in Resources */ = {isa = PBXBuildFile; fileRef = 32F5926A2CD1767A00423A35 /* Preview Assets.xcassets */; };
		32F592752CD1767B00423A35 /* BizBridgeTests.swift in Sources */ = {isa = PBXBuildFile; fileRef = 32F592742CD1767B00423A35 /* BizBridgeTests.swift */; };
		32F5927F2CD1767B00423A35 /* BizBridgeUITests.swift in Sources */ = {isa = PBXBuildFile; fileRef = 32F5927E2CD1767B00423A35 /* BizBridgeUITests.swift */; };
		32F592812CD1767B00423A35 /* BizBridgeUITestsLaunchTests.swift in Sources */ = {isa = PBXBuildFile; fileRef = 32F592802CD1767B00423A35 /* BizBridgeUITestsLaunchTests.swift */; };
		32F5928E2CD1778900423A35 /* WebBuilderView.swift in Sources */ = {isa = PBXBuildFile; fileRef = 32F5928D2CD1778900423A35 /* WebBuilderView.swift */; };
		32F592902CD177F200423A35 /* BizAnalyticsView.swift in Sources */ = {isa = PBXBuildFile; fileRef = 32F5928F2CD177F200423A35 /* BizAnalyticsView.swift */; };
		32F592922CD1780B00423A35 /* ChatView.swift in Sources */ = {isa = PBXBuildFile; fileRef = 32F592912CD1780B00423A35 /* ChatView.swift */; };
		32F592942CD1782F00423A35 /* HomeView.swift in Sources */ = {isa = PBXBuildFile; fileRef = 32F592932CD1782F00423A35 /* HomeView.swift */; };
/* End PBXBuildFile section */

/* Begin PBXContainerItemProxy section */
		32F592712CD1767B00423A35 /* PBXContainerItemProxy */ = {
			isa = PBXContainerItemProxy;
			containerPortal = 32F592582CD1767800423A35 /* Project object */;
			proxyType = 1;
			remoteGlobalIDString = 32F5925F2CD1767800423A35;
			remoteInfo = BizBridge;
		};
		32F5927B2CD1767B00423A35 /* PBXContainerItemProxy */ = {
			isa = PBXContainerItemProxy;
			containerPortal = 32F592582CD1767800423A35 /* Project object */;
			proxyType = 1;
			remoteGlobalIDString = 32F5925F2CD1767800423A35;
			remoteInfo = BizBridge;
		};
/* End PBXContainerItemProxy section */

/* Begin PBXFileReference section */
		32F592602CD1767800423A35 /* BizBridge.app */ = {isa = PBXFileReference; explicitFileType = wrapper.application; includeInIndex = 0; path = BizBridge.app; sourceTree = BUILT_PRODUCTS_DIR; };
		32F592632CD1767800423A35 /* BizBridgeApp.swift */ = {isa = PBXFileReference; lastKnownFileType = sourcecode.swift; path = BizBridgeApp.swift; sourceTree = "<group>"; };
		32F592652CD1767800423A35 /* ContentView.swift */ = {isa = PBXFileReference; lastKnownFileType = sourcecode.swift; path = ContentView.swift; sourceTree = "<group>"; };
		32F592672CD1767A00423A35 /* Assets.xcassets */ = {isa = PBXFileReference; lastKnownFileType = folder.assetcatalog; path = Assets.xcassets; sourceTree = "<group>"; };
		32F5926A2CD1767A00423A35 /* Preview Assets.xcassets */ = {isa = PBXFileReference; lastKnownFileType = folder.assetcatalog; path = "Preview Assets.xcassets"; sourceTree = "<group>"; };
		32F592702CD1767B00423A35 /* BizBridgeTests.xctest */ = {isa = PBXFileReference; explicitFileType = wrapper.cfbundle; includeInIndex = 0; path = BizBridgeTests.xctest; sourceTree = BUILT_PRODUCTS_DIR; };
		32F592742CD1767B00423A35 /* BizBridgeTests.swift */ = {isa = PBXFileReference; lastKnownFileType = sourcecode.swift; path = BizBridgeTests.swift; sourceTree = "<group>"; };
		32F5927A2CD1767B00423A35 /* BizBridgeUITests.xctest */ = {isa = PBXFileReference; explicitFileType = wrapper.cfbundle; includeInIndex = 0; path = BizBridgeUITests.xctest; sourceTree = BUILT_PRODUCTS_DIR; };
		32F5927E2CD1767B00423A35 /* BizBridgeUITests.swift */ = {isa = PBXFileReference; lastKnownFileType = sourcecode.swift; path = BizBridgeUITests.swift; sourceTree = "<group>"; };
		32F592802CD1767B00423A35 /* BizBridgeUITestsLaunchTests.swift */ = {isa = PBXFileReference; lastKnownFileType = sourcecode.swift; path = BizBridgeUITestsLaunchTests.swift; sourceTree = "<group>"; };
		32F5928D2CD1778900423A35 /* WebBuilderView.swift */ = {isa = PBXFileReference; lastKnownFileType = sourcecode.swift; path = WebBuilderView.swift; sourceTree = "<group>"; };
		32F5928F2CD177F200423A35 /* BizAnalyticsView.swift */ = {isa = PBXFileReference; lastKnownFileType = sourcecode.swift; path = BizAnalyticsView.swift; sourceTree = "<group>"; };
		32F592912CD1780B00423A35 /* ChatView.swift */ = {isa = PBXFileReference; lastKnownFileType = sourcecode.swift; path = ChatView.swift; sourceTree = "<group>"; };
		32F592932CD1782F00423A35 /* HomeView.swift */ = {isa = PBXFileReference; lastKnownFileType = sourcecode.swift; path = HomeView.swift; sourceTree = "<group>"; };
/* End PBXFileReference section */

/* Begin PBXFrameworksBuildPhase section */
		32F5925D2CD1767800423A35 /* Frameworks */ = {
			isa = PBXFrameworksBuildPhase;
			buildActionMask = 2147483647;
			files = (
			);
			runOnlyForDeploymentPostprocessing = 0;
		};
		32F5926D2CD1767B00423A35 /* Frameworks */ = {
			isa = PBXFrameworksBuildPhase;
			buildActionMask = 2147483647;
			files = (
			);
			runOnlyForDeploymentPostprocessing = 0;
		};
		32F592772CD1767B00423A35 /* Frameworks */ = {
			isa = PBXFrameworksBuildPhase;
			buildActionMask = 2147483647;
			files = (
			);
			runOnlyForDeploymentPostprocessing = 0;
		};
/* End PBXFrameworksBuildPhase section */

/* Begin PBXGroup section */
		32F592572CD1767800423A35 = {
			isa = PBXGroup;
			children = (
				32F592622CD1767800423A35 /* BizBridge */,
				32F592732CD1767B00423A35 /* BizBridgeTests */,
				32F5927D2CD1767B00423A35 /* BizBridgeUITests */,
				32F592612CD1767800423A35 /* Products */,
			);
			sourceTree = "<group>";
		};
		32F592612CD1767800423A35 /* Products */ = {
			isa = PBXGroup;
			children = (
				32F592602CD1767800423A35 /* BizBridge.app */,
				32F592702CD1767B00423A35 /* BizBridgeTests.xctest */,
				32F5927A2CD1767B00423A35 /* BizBridgeUITests.xctest */,
			);
			name = Products;
			sourceTree = "<group>";
		};
		32F592622CD1767800423A35 /* BizBridge */ = {
			isa = PBXGroup;
			children = (
				32F592632CD1767800423A35 /* BizBridgeApp.swift */,
				32F592672CD1767A00423A35 /* Assets.xcassets */,
				32F592692CD1767A00423A35 /* Preview Content */,
			);
			path = BizBridge;
			sourceTree = "<group>";
		};
		32F592692CD1767A00423A35 /* Preview Content */ = {
			isa = PBXGroup;
			children = (
				32F5926A2CD1767A00423A35 /* Preview Assets.xcassets */,
				32F592652CD1767800423A35 /* ContentView.swift */,
				32F5928D2CD1778900423A35 /* WebBuilderView.swift */,
				32F5928F2CD177F200423A35 /* BizAnalyticsView.swift */,
				32F592912CD1780B00423A35 /* ChatView.swift */,
				32F592932CD1782F00423A35 /* HomeView.swift */,
			);
			path = "Preview Content";
			sourceTree = "<group>";
		};
		32F592732CD1767B00423A35 /* BizBridgeTests */ = {
			isa = PBXGroup;
			children = (
				32F592742CD1767B00423A35 /* BizBridgeTests.swift */,
			);
			path = BizBridgeTests;
			sourceTree = "<group>";
		};
		32F5927D2CD1767B00423A35 /* BizBridgeUITests */ = {
			isa = PBXGroup;
			children = (
				32F5927E2CD1767B00423A35 /* BizBridgeUITests.swift */,
				32F592802CD1767B00423A35 /* BizBridgeUITestsLaunchTests.swift */,
			);
			path = BizBridgeUITests;
			sourceTree = "<group>";
		};
/* End PBXGroup section */

/* Begin PBXNativeTarget section */
		32F5925F2CD1767800423A35 /* BizBridge */ = {
			isa = PBXNativeTarget;
			buildConfigurationList = 32F592842CD1767B00423A35 /* Build configuration list for PBXNativeTarget "BizBridge" */;
			buildPhases = (
				32F5925C2CD1767800423A35 /* Sources */,
				32F5925D2CD1767800423A35 /* Frameworks */,
				32F5925E2CD1767800423A35 /* Resources */,
			);
			buildRules = (
			);
			dependencies = (
			);
			name = BizBridge;
			productName = BizBridge;
			productReference = 32F592602CD1767800423A35 /* BizBridge.app */;
			productType = "com.apple.product-type.application";
		};
		32F5926F2CD1767B00423A35 /* BizBridgeTests */ = {
			isa = PBXNativeTarget;
			buildConfigurationList = 32F592872CD1767B00423A35 /* Build configuration list for PBXNativeTarget "BizBridgeTests" */;
			buildPhases = (
				32F5926C2CD1767B00423A35 /* Sources */,
				32F5926D2CD1767B00423A35 /* Frameworks */,
				32F5926E2CD1767B00423A35 /* Resources */,
			);
			buildRules = (
			);
			dependencies = (
				32F592722CD1767B00423A35 /* PBXTargetDependency */,
			);
			name = BizBridgeTests;
			productName = BizBridgeTests;
			productReference = 32F592702CD1767B00423A35 /* BizBridgeTests.xctest */;
			productType = "com.apple.product-type.bundle.unit-test";
		};
		32F592792CD1767B00423A35 /* BizBridgeUITests */ = {
			isa = PBXNativeTarget;
			buildConfigurationList = 32F5928A2CD1767B00423A35 /* Build configuration list for PBXNativeTarget "BizBridgeUITests" */;
			buildPhases = (
				32F592762CD1767B00423A35 /* Sources */,
				32F592772CD1767B00423A35 /* Frameworks */,
				32F592782CD1767B00423A35 /* Resources */,
			);
			buildRules = (
			);
			dependencies = (
				32F5927C2CD1767B00423A35 /* PBXTargetDependency */,
			);
			name = BizBridgeUITests;
			productName = BizBridgeUITests;
			productReference = 32F5927A2CD1767B00423A35 /* BizBridgeUITests.xctest */;
			productType = "com.apple.product-type.bundle.ui-testing";
		};
/* End PBXNativeTarget section */

/* Begin PBXProject section */
		32F592582CD1767800423A35 /* Project object */ = {
			isa = PBXProject;
			attributes = {
				BuildIndependentTargetsInParallel = 1;
				LastSwiftUpdateCheck = 1540;
				LastUpgradeCheck = 1540;
				TargetAttributes = {
					32F5925F2CD1767800423A35 = {
						CreatedOnToolsVersion = 15.4;
					};
					32F5926F2CD1767B00423A35 = {
						CreatedOnToolsVersion = 15.4;
						TestTargetID = 32F5925F2CD1767800423A35;
					};
					32F592792CD1767B00423A35 = {
						CreatedOnToolsVersion = 15.4;
						TestTargetID = 32F5925F2CD1767800423A35;
					};
				};
			};
			buildConfigurationList = 32F5925B2CD1767800423A35 /* Build configuration list for PBXProject "BizBridge" */;
			compatibilityVersion = "Xcode 14.0";
			developmentRegion = en;
			hasScannedForEncodings = 0;
			knownRegions = (
				en,
				Base,
			);
			mainGroup = 32F592572CD1767800423A35;
			productRefGroup = 32F592612CD1767800423A35 /* Products */;
			projectDirPath = "";
			projectRoot = "";
			targets = (
				32F5925F2CD1767800423A35 /* BizBridge */,
				32F5926F2CD1767B00423A35 /* BizBridgeTests */,
				32F592792CD1767B00423A35 /* BizBridgeUITests */,
			);
		};
/* End PBXProject section */

/* Begin PBXResourcesBuildPhase section */
		32F5925E2CD1767800423A35 /* Resources */ = {
			isa = PBXResourcesBuildPhase;
			buildActionMask = 2147483647;
			files = (
				32F5926B2CD1767A00423A35 /* Preview Assets.xcassets in Resources */,
				32F592682CD1767A00423A35 /* Assets.xcassets in Resources */,
			);
			runOnlyForDeploymentPostprocessing = 0;
		};
		32F5926E2CD1767B00423A35 /* Resources */ = {
			isa = PBXResourcesBuildPhase;
			buildActionMask = 2147483647;
			files = (
			);
			runOnlyForDeploymentPostprocessing = 0;
		};
		32F592782CD1767B00423A35 /* Resources */ = {
			isa = PBXResourcesBuildPhase;
			buildActionMask = 2147483647;
			files = (
			);
			runOnlyForDeploymentPostprocessing = 0;
		};
/* End PBXResourcesBuildPhase section */

/* Begin PBXSourcesBuildPhase section */
		32F5925C2CD1767800423A35 /* Sources */ = {
			isa = PBXSourcesBuildPhase;
			buildActionMask = 2147483647;
			files = (
				32F5928E2CD1778900423A35 /* WebBuilderView.swift in Sources */,
				32F592902CD177F200423A35 /* BizAnalyticsView.swift in Sources */,
				32F592922CD1780B00423A35 /* ChatView.swift in Sources */,
				32F592942CD1782F00423A35 /* HomeView.swift in Sources */,
				32F592662CD1767800423A35 /* ContentView.swift in Sources */,
				32F592642CD1767800423A35 /* BizBridgeApp.swift in Sources */,
			);
			runOnlyForDeploymentPostprocessing = 0;
		};
		32F5926C2CD1767B00423A35 /* Sources */ = {
			isa = PBXSourcesBuildPhase;
			buildActionMask = 2147483647;
			files = (
				32F592752CD1767B00423A35 /* BizBridgeTests.swift in Sources */,
			);
			runOnlyForDeploymentPostprocessing = 0;
		};
		32F592762CD1767B00423A35 /* Sources */ = {
			isa = PBXSourcesBuildPhase;
			buildActionMask = 2147483647;
			files = (
				32F5927F2CD1767B00423A35 /* BizBridgeUITests.swift in Sources */,
				32F592812CD1767B00423A35 /* BizBridgeUITestsLaunchTests.swift in Sources */,
			);
			runOnlyForDeploymentPostprocessing = 0;
		};
/* End PBXSourcesBuildPhase section */

/* Begin PBXTargetDependency section */
		32F592722CD1767B00423A35 /* PBXTargetDependency */ = {
			isa = PBXTargetDependency;
			target = 32F5925F2CD1767800423A35 /* BizBridge */;
			targetProxy = 32F592712CD1767B00423A35 /* PBXContainerItemProxy */;
		};
		32F5927C2CD1767B00423A35 /* PBXTargetDependency */ = {
			isa = PBXTargetDependency;
			target = 32F5925F2CD1767800423A35 /* BizBridge */;
			targetProxy = 32F5927B2CD1767B00423A35 /* PBXContainerItemProxy */;
		};
/* End PBXTargetDependency section */

/* Begin XCBuildConfiguration section */
		32F592822CD1767B00423A35 /* Debug */ = {
			isa = XCBuildConfiguration;
			buildSettings = {
				ALWAYS_SEARCH_USER_PATHS = NO;
				ASSETCATALOG_COMPILER_GENERATE_SWIFT_ASSET_SYMBOL_EXTENSIONS = YES;
				CLANG_ANALYZER_NONNULL = YES;
				CLANG_ANALYZER_NUMBER_OBJECT_CONVERSION = YES_AGGRESSIVE;
				CLANG_CXX_LANGUAGE_STANDARD = "gnu++20";
				CLANG_ENABLE_MODULES = YES;
				CLANG_ENABLE_OBJC_ARC = YES;
				CLANG_ENABLE_OBJC_WEAK = YES;
				CLANG_WARN_BLOCK_CAPTURE_AUTORELEASING = YES;
				CLANG_WARN_BOOL_CONVERSION = YES;
				CLANG_WARN_COMMA = YES;
				CLANG_WARN_CONSTANT_CONVERSION = YES;
				CLANG_WARN_DEPRECATED_OBJC_IMPLEMENTATIONS = YES;
				CLANG_WARN_DIRECT_OBJC_ISA_USAGE = YES_ERROR;
				CLANG_WARN_DOCUMENTATION_COMMENTS = YES;
				CLANG_WARN_EMPTY_BODY = YES;
				CLANG_WARN_ENUM_CONVERSION = YES;
				CLANG_WARN_INFINITE_RECURSION = YES;
				CLANG_WARN_INT_CONVERSION = YES;
				CLANG_WARN_NON_LITERAL_NULL_CONVERSION = YES;
				CLANG_WARN_OBJC_IMPLICIT_RETAIN_SELF = YES;
				CLANG_WARN_OBJC_LITERAL_CONVERSION = YES;
				CLANG_WARN_OBJC_ROOT_CLASS = YES_ERROR;
				CLANG_WARN_QUOTED_INCLUDE_IN_FRAMEWORK_HEADER = YES;
				CLANG_WARN_RANGE_LOOP_ANALYSIS = YES;
				CLANG_WARN_STRICT_PROTOTYPES = YES;
				CLANG_WARN_SUSPICIOUS_MOVE = YES;
				CLANG_WARN_UNGUARDED_AVAILABILITY = YES_AGGRESSIVE;
				CLANG_WARN_UNREACHABLE_CODE = YES;
				CLANG_WARN__DUPLICATE_METHOD_MATCH = YES;
				COPY_PHASE_STRIP = NO;
				DEBUG_INFORMATION_FORMAT = dwarf;
				ENABLE_STRICT_OBJC_MSGSEND = YES;
				ENABLE_TESTABILITY = YES;
				ENABLE_USER_SCRIPT_SANDBOXING = YES;
				GCC_C_LANGUAGE_STANDARD = gnu17;
				GCC_DYNAMIC_NO_PIC = NO;
				GCC_NO_COMMON_BLOCKS = YES;
				GCC_OPTIMIZATION_LEVEL = 0;
				GCC_PREPROCESSOR_DEFINITIONS = (
					"DEBUG=1",
					"$(inherited)",
				);
				GCC_WARN_64_TO_32_BIT_CONVERSION = YES;
				GCC_WARN_ABOUT_RETURN_TYPE = YES_ERROR;
				GCC_WARN_UNDECLARED_SELECTOR = YES;
				GCC_WARN_UNINITIALIZED_AUTOS = YES_AGGRESSIVE;
				GCC_WARN_UNUSED_FUNCTION = YES;
				GCC_WARN_UNUSED_VARIABLE = YES;
				IPHONEOS_DEPLOYMENT_TARGET = 17.5;
				LOCALIZATION_PREFERS_STRING_CATALOGS = YES;
				MTL_ENABLE_DEBUG_INFO = INCLUDE_SOURCE;
				MTL_FAST_MATH = YES;
				ONLY_ACTIVE_ARCH = YES;
				SDKROOT = iphoneos;
				SWIFT_ACTIVE_COMPILATION_CONDITIONS = "DEBUG $(inherited)";
				SWIFT_OPTIMIZATION_LEVEL = "-Onone";
			};
			name = Debug;
		};
		32F592832CD1767B00423A35 /* Release */ = {
			isa = XCBuildConfiguration;
			buildSettings = {
				ALWAYS_SEARCH_USER_PATHS = NO;
				ASSETCATALOG_COMPILER_GENERATE_SWIFT_ASSET_SYMBOL_EXTENSIONS = YES;
				CLANG_ANALYZER_NONNULL = YES;
				CLANG_ANALYZER_NUMBER_OBJECT_CONVERSION = YES_AGGRESSIVE;
				CLANG_CXX_LANGUAGE_STANDARD = "gnu++20";
				CLANG_ENABLE_MODULES = YES;
				CLANG_ENABLE_OBJC_ARC = YES;
				CLANG_ENABLE_OBJC_WEAK = YES;
				CLANG_WARN_BLOCK_CAPTURE_AUTORELEASING = YES;
				CLANG_WARN_BOOL_CONVERSION = YES;
				CLANG_WARN_COMMA = YES;
				CLANG_WARN_CONSTANT_CONVERSION = YES;
				CLANG_WARN_DEPRECATED_OBJC_IMPLEMENTATIONS = YES;
				CLANG_WARN_DIRECT_OBJC_ISA_USAGE = YES_ERROR;
				CLANG_WARN_DOCUMENTATION_COMMENTS = YES;
				CLANG_WARN_EMPTY_BODY = YES;
				CLANG_WARN_ENUM_CONVERSION = YES;
				CLANG_WARN_INFINITE_RECURSION = YES;
				CLANG_WARN_INT_CONVERSION = YES;
				CLANG_WARN_NON_LITERAL_NULL_CONVERSION = YES;
				CLANG_WARN_OBJC_IMPLICIT_RETAIN_SELF = YES;
				CLANG_WARN_OBJC_LITERAL_CONVERSION = YES;
				CLANG_WARN_OBJC_ROOT_CLASS = YES_ERROR;
				CLANG_WARN_QUOTED_INCLUDE_IN_FRAMEWORK_HEADER = YES;
				CLANG_WARN_RANGE_LOOP_ANALYSIS = YES;
				CLANG_WARN_STRICT_PROTOTYPES = YES;
				CLANG_WARN_SUSPICIOUS_MOVE = YES;
				CLANG_WARN_UNGUARDED_AVAILABILITY = YES_AGGRESSIVE;
				CLANG_WARN_UNREACHABLE_CODE = YES;
				CLANG_WARN__DUPLICATE_METHOD_MATCH = YES;
				COPY_PHASE_STRIP = NO;
				DEBUG_INFORMATION_FORMAT = "dwarf-with-dsym";
				ENABLE_NS_ASSERTIONS = NO;
				ENABLE_STRICT_OBJC_MSGSEND = YES;
				ENABLE_USER_SCRIPT_SANDBOXING = YES;
				GCC_C_LANGUAGE_STANDARD = gnu17;
				GCC_NO_COMMON_BLOCKS = YES;
				GCC_WARN_64_TO_32_BIT_CONVERSION = YES;
				GCC_WARN_ABOUT_RETURN_TYPE = YES_ERROR;
				GCC_WARN_UNDECLARED_SELECTOR = YES;
				GCC_WARN_UNINITIALIZED_AUTOS = YES_AGGRESSIVE;
				GCC_WARN_UNUSED_FUNCTION = YES;
				GCC_WARN_UNUSED_VARIABLE = YES;
				IPHONEOS_DEPLOYMENT_TARGET = 17.5;
				LOCALIZATION_PREFERS_STRING_CATALOGS = YES;
				MTL_ENABLE_DEBUG_INFO = NO;
				MTL_FAST_MATH = YES;
				SDKROOT = iphoneos;
				SWIFT_COMPILATION_MODE = wholemodule;
				VALIDATE_PRODUCT = YES;
			};
			name = Release;
		};
		32F592852CD1767B00423A35 /* Debug */ = {
			isa = XCBuildConfiguration;
			buildSettings = {
				ASSETCATALOG_COMPILER_APPICON_NAME = AppIcon;
				ASSETCATALOG_COMPILER_GLOBAL_ACCENT_COLOR_NAME = AccentColor;
				CODE_SIGN_STYLE = Automatic;
				CURRENT_PROJECT_VERSION = 1;
				DEVELOPMENT_ASSET_PATHS = "\"BizBridge/Preview Content\"";
				ENABLE_PREVIEWS = YES;
				GENERATE_INFOPLIST_FILE = YES;
				INFOPLIST_KEY_UIApplicationSceneManifest_Generation = YES;
				INFOPLIST_KEY_UIApplicationSupportsIndirectInputEvents = YES;
				INFOPLIST_KEY_UILaunchScreen_Generation = YES;
				INFOPLIST_KEY_UISupportedInterfaceOrientations_iPad = "UIInterfaceOrientationPortrait UIInterfaceOrientationPortraitUpsideDown UIInterfaceOrientationLandscapeLeft UIInterfaceOrientationLandscapeRight";
				INFOPLIST_KEY_UISupportedInterfaceOrientations_iPhone = "UIInterfaceOrientationPortrait UIInterfaceOrientationLandscapeLeft UIInterfaceOrientationLandscapeRight";
				LD_RUNPATH_SEARCH_PATHS = (
					"$(inherited)",
					"@executable_path/Frameworks",
				);
				MARKETING_VERSION = 1.0;
				PRODUCT_BUNDLE_IDENTIFIER = Gtchobe.BizBridge;
				PRODUCT_NAME = "$(TARGET_NAME)";
				SWIFT_EMIT_LOC_STRINGS = YES;
				SWIFT_VERSION = 5.0;
				TARGETED_DEVICE_FAMILY = "1,2";
			};
			name = Debug;
		};
		32F592862CD1767B00423A35 /* Release */ = {
			isa = XCBuildConfiguration;
			buildSettings = {
				ASSETCATALOG_COMPILER_APPICON_NAME = AppIcon;
				ASSETCATALOG_COMPILER_GLOBAL_ACCENT_COLOR_NAME = AccentColor;
				CODE_SIGN_STYLE = Automatic;
				CURRENT_PROJECT_VERSION = 1;
				DEVELOPMENT_ASSET_PATHS = "\"BizBridge/Preview Content\"";
				ENABLE_PREVIEWS = YES;
				GENERATE_INFOPLIST_FILE = YES;
				INFOPLIST_KEY_UIApplicationSceneManifest_Generation = YES;
				INFOPLIST_KEY_UIApplicationSupportsIndirectInputEvents = YES;
				INFOPLIST_KEY_UILaunchScreen_Generation = YES;
				INFOPLIST_KEY_UISupportedInterfaceOrientations_iPad = "UIInterfaceOrientationPortrait UIInterfaceOrientationPortraitUpsideDown UIInterfaceOrientationLandscapeLeft UIInterfaceOrientationLandscapeRight";
				INFOPLIST_KEY_UISupportedInterfaceOrientations_iPhone = "UIInterfaceOrientationPortrait UIInterfaceOrientationLandscapeLeft UIInterfaceOrientationLandscapeRight";
				LD_RUNPATH_SEARCH_PATHS = (
					"$(inherited)",
					"@executable_path/Frameworks",
				);
				MARKETING_VERSION = 1.0;
				PRODUCT_BUNDLE_IDENTIFIER = Gtchobe.BizBridge;
				PRODUCT_NAME = "$(TARGET_NAME)";
				SWIFT_EMIT_LOC_STRINGS = YES;
				SWIFT_VERSION = 5.0;
				TARGETED_DEVICE_FAMILY = "1,2";
			};
			name = Release;
		};
		32F592882CD1767B00423A35 /* Debug */ = {
			isa = XCBuildConfiguration;
			buildSettings = {
				ALWAYS_EMBED_SWIFT_STANDARD_LIBRARIES = YES;
				BUNDLE_LOADER = "$(TEST_HOST)";
				CODE_SIGN_STYLE = Automatic;
				CURRENT_PROJECT_VERSION = 1;
				GENERATE_INFOPLIST_FILE = YES;
				IPHONEOS_DEPLOYMENT_TARGET = 17.5;
				MARKETING_VERSION = 1.0;
				PRODUCT_BUNDLE_IDENTIFIER = Gtchobe.BizBridgeTests;
				PRODUCT_NAME = "$(TARGET_NAME)";
				SWIFT_EMIT_LOC_STRINGS = NO;
				SWIFT_VERSION = 5.0;
				TARGETED_DEVICE_FAMILY = "1,2";
				TEST_HOST = "$(BUILT_PRODUCTS_DIR)/BizBridge.app/$(BUNDLE_EXECUTABLE_FOLDER_PATH)/BizBridge";
			};
			name = Debug;
		};
		32F592892CD1767B00423A35 /* Release */ = {
			isa = XCBuildConfiguration;
			buildSettings = {
				ALWAYS_EMBED_SWIFT_STANDARD_LIBRARIES = YES;
				BUNDLE_LOADER = "$(TEST_HOST)";
				CODE_SIGN_STYLE = Automatic;
				CURRENT_PROJECT_VERSION = 1;
				GENERATE_INFOPLIST_FILE = YES;
				IPHONEOS_DEPLOYMENT_TARGET = 17.5;
				MARKETING_VERSION = 1.0;
				PRODUCT_BUNDLE_IDENTIFIER = Gtchobe.BizBridgeTests;
				PRODUCT_NAME = "$(TARGET_NAME)";
				SWIFT_EMIT_LOC_STRINGS = NO;
				SWIFT_VERSION = 5.0;
				TARGETED_DEVICE_FAMILY = "1,2";
				TEST_HOST = "$(BUILT_PRODUCTS_DIR)/BizBridge.app/$(BUNDLE_EXECUTABLE_FOLDER_PATH)/BizBridge";
			};
			name = Release;
		};
		32F5928B2CD1767B00423A35 /* Debug */ = {
			isa = XCBuildConfiguration;
			buildSettings = {
				ALWAYS_EMBED_SWIFT_STANDARD_LIBRARIES = YES;
				CODE_SIGN_STYLE = Automatic;
				CURRENT_PROJECT_VERSION = 1;
				GENERATE_INFOPLIST_FILE = YES;
				MARKETING_VERSION = 1.0;
				PRODUCT_BUNDLE_IDENTIFIER = Gtchobe.BizBridgeUITests;
				PRODUCT_NAME = "$(TARGET_NAME)";
				SWIFT_EMIT_LOC_STRINGS = NO;
				SWIFT_VERSION = 5.0;
				TARGETED_DEVICE_FAMILY = "1,2";
				TEST_TARGET_NAME = BizBridge;
			};
			name = Debug;
		};
		32F5928C2CD1767B00423A35 /* Release */ = {
			isa = XCBuildConfiguration;
			buildSettings = {
				ALWAYS_EMBED_SWIFT_STANDARD_LIBRARIES = YES;
				CODE_SIGN_STYLE = Automatic;
				CURRENT_PROJECT_VERSION = 1;
				GENERATE_INFOPLIST_FILE = YES;
				MARKETING_VERSION = 1.0;
				PRODUCT_BUNDLE_IDENTIFIER = Gtchobe.BizBridgeUITests;
				PRODUCT_NAME = "$(TARGET_NAME)";
				SWIFT_EMIT_LOC_STRINGS = NO;
				SWIFT_VERSION = 5.0;
				TARGETED_DEVICE_FAMILY = "1,2";
				TEST_TARGET_NAME = BizBridge;
			};
			name = Release;
		};
/* End XCBuildConfiguration section */

/* Begin XCConfigurationList section */
		32F5925B2CD1767800423A35 /* Build configuration list for PBXProject "BizBridge" */ = {
			isa = XCConfigurationList;
			buildConfigurations = (
				32F592822CD1767B00423A35 /* Debug */,
				32F592832CD1767B00423A35 /* Release */,
			);
			defaultConfigurationIsVisible = 0;
			defaultConfigurationName = Release;
		};
		32F592842CD1767B00423A35 /* Build configuration list for PBXNativeTarget "BizBridge" */ = {
			isa = XCConfigurationList;
			buildConfigurations = (
				32F592852CD1767B00423A35 /* Debug */,
				32F592862CD1767B00423A35 /* Release */,
			);
			defaultConfigurationIsVisible = 0;
			defaultConfigurationName = Release;
		};
		32F592872CD1767B00423A35 /* Build configuration list for PBXNativeTarget "BizBridgeTests" */ = {
			isa = XCConfigurationList;
			buildConfigurations = (
				32F592882CD1767B00423A35 /* Debug */,
				32F592892CD1767B00423A35 /* Release */,
			);
			defaultConfigurationIsVisible = 0;
			defaultConfigurationName = Release;
		};
		32F5928A2CD1767B00423A35 /* Build configuration list for PBXNativeTarget "BizBridgeUITests" */ = {
			isa = XCConfigurationList;
			buildConfigurations = (
				32F5928B2CD1767B00423A35 /* Debug */,
				32F5928C2CD1767B00423A35 /* Release */,
			);
			defaultConfigurationIsVisible = 0;
			defaultConfigurationName = Release;
		};
/* End XCConfigurationList section */
	};
	rootObject = 32F592582CD1767800423A35 /* Project object */;
}
